PODS:
  - IBLinter (0.4.2)
  - SwiftLint (0.27.0)

DEPENDENCIES:
  - IBLinter (= 0.4.2)
  - SwiftLint

SPEC REPOS:
  https://github.com/cocoapods/specs.git:
    - IBLinter
    - SwiftLint

SPEC CHECKSUMS:
  IBLinter: f30fdfbde3978801f3366d86f088269fce85a952
  SwiftLint: 3207c1faa2240bf8973b191820a116113cd11073

PODFILE CHECKSUM: 4ab610475be7e8ccf74b23442cd92c6ff24ba8d2

COCOAPODS: 1.5.3
